
Microsoft Visual Studio Solution File, Format Version 11.00
# Visual Studio 2010
Project("{FAE04EC0-301F-11D3-BF4B-00C04F79EFBC}") = "Assembly-CSharp", "Assembly-CSharp.csproj", "{13cfc969-4a72-8f0d-8ab6-cc5ba6432b40}"
EndProject
Project("{FAE04EC0-301F-11D3-BF4B-00C04F79EFBC}") = "Assembly-CSharp-Editor", "Assembly-CSharp-Editor.csproj", "{bdf4e2b0-f71a-8fc6-0d96-f77f96246e0f}"
EndProject
Global
	GlobalSection(SolutionConfigurationPlatforms) = preSolution
		Debug|Any CPU = Debug|Any CPU
	EndGlobalSection
	GlobalSection(ProjectConfigurationPlatforms) = postSolution
		{13cfc969-4a72-8f0d-8ab6-cc5ba6432b40}.Debug|Any CPU.ActiveCfg = Debug|Any CPU
		{13cfc969-4a72-8f0d-8ab6-cc5ba6432b40}.Debug|Any CPU.Build.0 = Debug|Any CPU
		{bdf4e2b0-f71a-8fc6-0d96-f77f96246e0f}.Debug|Any CPU.ActiveCfg = Debug|Any CPU
		{bdf4e2b0-f71a-8fc6-0d96-f77f96246e0f}.Debug|Any CPU.Build.0 = Debug|Any CPU
	EndGlobalSection
	GlobalSection(SolutionProperties) = preSolution
		HideSolutionNode = FALSE
	EndGlobalSection
EndGlobal
